
Microsoft Visual Studio Solution File, Format Version 12.00
# Visual Studio 11
Project("{FAE04EC0-301F-11D3-BF4B-00C04F79EFBC}") = "Tests", "Tests\Tests.csproj", "{C7C38FF4-00A5-4AE9-867D-CAC6D227C09C}"
EndProject
Project("{FAE04EC0-301F-11D3-BF4B-00C04F79EFBC}") = "Services", "Services\Services.csproj", "{561C89BF-11C5-431B-B847-DCBE97D5E26A}"
EndProject
Project("{FAE04EC0-301F-11D3-BF4B-00C04F79EFBC}") = "Api", "Api\Api.csproj", "{A993818E-11DF-4A9E-907C-50317D8D7A27}"
EndProject
Project("{FAE04EC0-301F-11D3-BF4B-00C04F79EFBC}") = "Host", "Host\Host.csproj", "{5F244026-8298-45C4-B739-95E89CD277CD}"
EndProject
Project("{FAE04EC0-301F-11D3-BF4B-00C04F79EFBC}") = "Web.Mobile", "Web.Mobile\Web.Mobile.csproj", "{F7ACDA42-418F-4EAE-AC08-62C4EC93AACA}"
EndProject
Project("{FAE04EC0-301F-11D3-BF4B-00C04F79EFBC}") = "Web", "Web\Web.csproj", "{1B3B0EA5-CDDC-4BBA-A829-209A9355466C}"
EndProject
Global
	GlobalSection(SolutionConfigurationPlatforms) = preSolution
		Debug|Any CPU = Debug|Any CPU
		Debug|Mixed Platforms = Debug|Mixed Platforms
		Debug|x86 = Debug|x86
		Release|Any CPU = Release|Any CPU
		Release|Mixed Platforms = Release|Mixed Platforms
		Release|x86 = Release|x86
	EndGlobalSection
	GlobalSection(ProjectConfigurationPlatforms) = postSolution
		{1B3B0EA5-CDDC-4BBA-A829-209A9355466C}.Debug|Any CPU.ActiveCfg = Debug|Any CPU
		{1B3B0EA5-CDDC-4BBA-A829-209A9355466C}.Debug|Any CPU.Build.0 = Debug|Any CPU
		{1B3B0EA5-CDDC-4BBA-A829-209A9355466C}.Debug|Mixed Platforms.ActiveCfg = Debug|Any CPU
		{1B3B0EA5-CDDC-4BBA-A829-209A9355466C}.Debug|Mixed Platforms.Build.0 = Debug|Any CPU
		{1B3B0EA5-CDDC-4BBA-A829-209A9355466C}.Debug|x86.ActiveCfg = Debug|Any CPU
		{1B3B0EA5-CDDC-4BBA-A829-209A9355466C}.Release|Any CPU.ActiveCfg = Release|Any CPU
		{1B3B0EA5-CDDC-4BBA-A829-209A9355466C}.Release|Any CPU.Build.0 = Release|Any CPU
		{1B3B0EA5-CDDC-4BBA-A829-209A9355466C}.Release|Mixed Platforms.ActiveCfg = Release|Any CPU
		{1B3B0EA5-CDDC-4BBA-A829-209A9355466C}.Release|Mixed Platforms.Build.0 = Release|Any CPU
		{1B3B0EA5-CDDC-4BBA-A829-209A9355466C}.Release|x86.ActiveCfg = Release|Any CPU
		{561C89BF-11C5-431B-B847-DCBE97D5E26A}.Debug|Any CPU.ActiveCfg = Debug|x86
		{561C89BF-11C5-431B-B847-DCBE97D5E26A}.Debug|Mixed Platforms.ActiveCfg = Debug|x86
		{561C89BF-11C5-431B-B847-DCBE97D5E26A}.Debug|Mixed Platforms.Build.0 = Debug|x86
		{561C89BF-11C5-431B-B847-DCBE97D5E26A}.Debug|x86.ActiveCfg = Debug|x86
		{561C89BF-11C5-431B-B847-DCBE97D5E26A}.Debug|x86.Build.0 = Debug|x86
		{561C89BF-11C5-431B-B847-DCBE97D5E26A}.Release|Any CPU.ActiveCfg = Release|x86
		{561C89BF-11C5-431B-B847-DCBE97D5E26A}.Release|Mixed Platforms.ActiveCfg = Release|x86
		{561C89BF-11C5-431B-B847-DCBE97D5E26A}.Release|Mixed Platforms.Build.0 = Release|x86
		{561C89BF-11C5-431B-B847-DCBE97D5E26A}.Release|x86.ActiveCfg = Release|x86
		{561C89BF-11C5-431B-B847-DCBE97D5E26A}.Release|x86.Build.0 = Release|x86
		{5F244026-8298-45C4-B739-95E89CD277CD}.Debug|Any CPU.ActiveCfg = Debug|x86
		{5F244026-8298-45C4-B739-95E89CD277CD}.Debug|Mixed Platforms.ActiveCfg = Debug|x86
		{5F244026-8298-45C4-B739-95E89CD277CD}.Debug|Mixed Platforms.Build.0 = Debug|x86
		{5F244026-8298-45C4-B739-95E89CD277CD}.Debug|x86.ActiveCfg = Debug|x86
		{5F244026-8298-45C4-B739-95E89CD277CD}.Debug|x86.Build.0 = Debug|x86
		{5F244026-8298-45C4-B739-95E89CD277CD}.Release|Any CPU.ActiveCfg = Release|x86
		{5F244026-8298-45C4-B739-95E89CD277CD}.Release|Mixed Platforms.ActiveCfg = Release|x86
		{5F244026-8298-45C4-B739-95E89CD277CD}.Release|Mixed Platforms.Build.0 = Release|x86
		{5F244026-8298-45C4-B739-95E89CD277CD}.Release|x86.ActiveCfg = Release|x86
		{5F244026-8298-45C4-B739-95E89CD277CD}.Release|x86.Build.0 = Release|x86
		{A993818E-11DF-4A9E-907C-50317D8D7A27}.Debug|Any CPU.ActiveCfg = Debug|Any CPU
		{A993818E-11DF-4A9E-907C-50317D8D7A27}.Debug|Any CPU.Build.0 = Debug|Any CPU
		{A993818E-11DF-4A9E-907C-50317D8D7A27}.Debug|Mixed Platforms.ActiveCfg = Debug|Any CPU
		{A993818E-11DF-4A9E-907C-50317D8D7A27}.Debug|Mixed Platforms.Build.0 = Debug|Any CPU
		{A993818E-11DF-4A9E-907C-50317D8D7A27}.Debug|x86.ActiveCfg = Debug|Any CPU
		{A993818E-11DF-4A9E-907C-50317D8D7A27}.Release|Any CPU.ActiveCfg = Release|Any CPU
		{A993818E-11DF-4A9E-907C-50317D8D7A27}.Release|Any CPU.Build.0 = Release|Any CPU
		{A993818E-11DF-4A9E-907C-50317D8D7A27}.Release|Mixed Platforms.ActiveCfg = Release|Any CPU
		{A993818E-11DF-4A9E-907C-50317D8D7A27}.Release|Mixed Platforms.Build.0 = Release|Any CPU
		{A993818E-11DF-4A9E-907C-50317D8D7A27}.Release|x86.ActiveCfg = Release|Any CPU
		{C7C38FF4-00A5-4AE9-867D-CAC6D227C09C}.Debug|Any CPU.ActiveCfg = Debug|x86
		{C7C38FF4-00A5-4AE9-867D-CAC6D227C09C}.Debug|Mixed Platforms.ActiveCfg = Debug|x86
		{C7C38FF4-00A5-4AE9-867D-CAC6D227C09C}.Debug|Mixed Platforms.Build.0 = Debug|x86
		{C7C38FF4-00A5-4AE9-867D-CAC6D227C09C}.Debug|x86.ActiveCfg = Debug|x86
		{C7C38FF4-00A5-4AE9-867D-CAC6D227C09C}.Debug|x86.Build.0 = Debug|x86
		{C7C38FF4-00A5-4AE9-867D-CAC6D227C09C}.Release|Any CPU.ActiveCfg = Release|x86
		{C7C38FF4-00A5-4AE9-867D-CAC6D227C09C}.Release|Mixed Platforms.ActiveCfg = Release|x86
		{C7C38FF4-00A5-4AE9-867D-CAC6D227C09C}.Release|Mixed Platforms.Build.0 = Release|x86
		{C7C38FF4-00A5-4AE9-867D-CAC6D227C09C}.Release|x86.ActiveCfg = Release|x86
		{C7C38FF4-00A5-4AE9-867D-CAC6D227C09C}.Release|x86.Build.0 = Release|x86
		{F7ACDA42-418F-4EAE-AC08-62C4EC93AACA}.Debug|Any CPU.ActiveCfg = Debug|Any CPU
		{F7ACDA42-418F-4EAE-AC08-62C4EC93AACA}.Debug|Any CPU.Build.0 = Debug|Any CPU
		{F7ACDA42-418F-4EAE-AC08-62C4EC93AACA}.Debug|Mixed Platforms.ActiveCfg = Debug|Any CPU
		{F7ACDA42-418F-4EAE-AC08-62C4EC93AACA}.Debug|Mixed Platforms.Build.0 = Debug|Any CPU
		{F7ACDA42-418F-4EAE-AC08-62C4EC93AACA}.Debug|x86.ActiveCfg = Debug|Any CPU
		{F7ACDA42-418F-4EAE-AC08-62C4EC93AACA}.Release|Any CPU.ActiveCfg = Release|Any CPU
		{F7ACDA42-418F-4EAE-AC08-62C4EC93AACA}.Release|Any CPU.Build.0 = Release|Any CPU
		{F7ACDA42-418F-4EAE-AC08-62C4EC93AACA}.Release|Mixed Platforms.ActiveCfg = Release|Any CPU
		{F7ACDA42-418F-4EAE-AC08-62C4EC93AACA}.Release|Mixed Platforms.Build.0 = Release|Any CPU
		{F7ACDA42-418F-4EAE-AC08-62C4EC93AACA}.Release|x86.ActiveCfg = Release|Any CPU
	EndGlobalSection
	GlobalSection(SolutionProperties) = preSolution
		HideSolutionNode = FALSE
	EndGlobalSection
EndGlobal
