
Microsoft Visual Studio Solution File, Format Version 12.00
# Visual Studio 2012
Project("{FAE04EC0-301F-11D3-BF4B-00C04F79EFBC}") = "Web", "Web\Web.csproj", "{9260919A-C7FA-44AC-9B6C-8C11410E42C0}"
EndProject
Project("{2150E333-8FDC-42A3-9474-1A3956D46DE8}") = ".nuget", ".nuget", "{E4EF7418-27F2-469E-B6C5-4F52452E931A}"
	ProjectSection(SolutionItems) = preProject
		.nuget\NuGet.Config = .nuget\NuGet.Config
		.nuget\NuGet.exe = .nuget\NuGet.exe
		.nuget\NuGet.targets = .nuget\NuGet.targets
	EndProjectSection
EndProject
Project("{FAE04EC0-301F-11D3-BF4B-00C04F79EFBC}") = "Services", "Services\Services.csproj", "{9FD9F9A2-0DA2-4081-A995-36299EA5CC14}"
EndProject
Project("{FAE04EC0-301F-11D3-BF4B-00C04F79EFBC}") = "Api", "Api\Api.csproj", "{1CAD1D77-83DF-4904-B855-7861FE2FB909}"
EndProject
Project("{2150E333-8FDC-42A3-9474-1A3956D46DE8}") = "shared", "shared", "{792D45D3-EF14-429A-A503-ABF141A7DD55}"
	ProjectSection(SolutionItems) = preProject
		shared\SharedAssemblyInfo.cs = shared\SharedAssemblyInfo.cs
	EndProjectSection
EndProject
Project("{FAE04EC0-301F-11D3-BF4B-00C04F79EFBC}") = "Tests", "Tests\Tests.csproj", "{928A7EE1-D109-41B5-9EA5-55B7973C390A}"
EndProject
Global
	GlobalSection(SolutionConfigurationPlatforms) = preSolution
		Debug|Any CPU = Debug|Any CPU
		Release|Any CPU = Release|Any CPU
	EndGlobalSection
	GlobalSection(ProjectConfigurationPlatforms) = postSolution
		{9260919A-C7FA-44AC-9B6C-8C11410E42C0}.Debug|Any CPU.ActiveCfg = Debug|Any CPU
		{9260919A-C7FA-44AC-9B6C-8C11410E42C0}.Debug|Any CPU.Build.0 = Debug|Any CPU
		{9260919A-C7FA-44AC-9B6C-8C11410E42C0}.Release|Any CPU.ActiveCfg = Release|Any CPU
		{9260919A-C7FA-44AC-9B6C-8C11410E42C0}.Release|Any CPU.Build.0 = Release|Any CPU
		{9FD9F9A2-0DA2-4081-A995-36299EA5CC14}.Debug|Any CPU.ActiveCfg = Debug|Any CPU
		{9FD9F9A2-0DA2-4081-A995-36299EA5CC14}.Debug|Any CPU.Build.0 = Debug|Any CPU
		{9FD9F9A2-0DA2-4081-A995-36299EA5CC14}.Release|Any CPU.ActiveCfg = Release|Any CPU
		{9FD9F9A2-0DA2-4081-A995-36299EA5CC14}.Release|Any CPU.Build.0 = Release|Any CPU
		{1CAD1D77-83DF-4904-B855-7861FE2FB909}.Debug|Any CPU.ActiveCfg = Debug|Any CPU
		{1CAD1D77-83DF-4904-B855-7861FE2FB909}.Debug|Any CPU.Build.0 = Debug|Any CPU
		{1CAD1D77-83DF-4904-B855-7861FE2FB909}.Release|Any CPU.ActiveCfg = Release|Any CPU
		{1CAD1D77-83DF-4904-B855-7861FE2FB909}.Release|Any CPU.Build.0 = Release|Any CPU
		{928A7EE1-D109-41B5-9EA5-55B7973C390A}.Debug|Any CPU.ActiveCfg = Debug|Any CPU
		{928A7EE1-D109-41B5-9EA5-55B7973C390A}.Debug|Any CPU.Build.0 = Debug|Any CPU
		{928A7EE1-D109-41B5-9EA5-55B7973C390A}.Release|Any CPU.ActiveCfg = Release|Any CPU
		{928A7EE1-D109-41B5-9EA5-55B7973C390A}.Release|Any CPU.Build.0 = Release|Any CPU
	EndGlobalSection
	GlobalSection(SolutionProperties) = preSolution
		HideSolutionNode = FALSE
	EndGlobalSection
EndGlobal
